
Microsoft Visual Studio Solution File, Format Version 12.00
# Visual Studio Version 16
VisualStudioVersion = 16.0.31129.286
MinimumVisualStudioVersion = 10.0.40219.1
Project("{FAE04EC0-301F-11D3-BF4B-00C04F79EFBC}") = "GHAInmobiliaria", "GHAInmobiliaria.csproj", "{1E0A7CFC-B370-4A43-9A68-979EC71C2CEE}"
EndProject
Global
	GlobalSection(SolutionConfigurationPlatforms) = preSolution
		Debug|Any CPU = Debug|Any CPU
		Release|Any CPU = Release|Any CPU
	EndGlobalSection
	GlobalSection(ProjectConfigurationPlatforms) = postSolution
		{1E0A7CFC-B370-4A43-9A68-979EC71C2CEE}.Debug|Any CPU.ActiveCfg = Debug|Any CPU
		{1E0A7CFC-B370-4A43-9A68-979EC71C2CEE}.Debug|Any CPU.Build.0 = Debug|Any CPU
		{1E0A7CFC-B370-4A43-9A68-979EC71C2CEE}.Release|Any CPU.ActiveCfg = Release|Any CPU
		{1E0A7CFC-B370-4A43-9A68-979EC71C2CEE}.Release|Any CPU.Build.0 = Release|Any CPU
	EndGlobalSection
	GlobalSection(SolutionProperties) = preSolution
		HideSolutionNode = FALSE
	EndGlobalSection
	GlobalSection(ExtensibilityGlobals) = postSolution
		SolutionGuid = {F9BD2AF4-5100-4EDE-BCB5-103F7CD34AFA}
	EndGlobalSection
EndGlobal
